
Microsoft Visual Studio Solution File, Format Version 12.00
# Visual Studio 15
VisualStudioVersion = 15.0.28307.2092
MinimumVisualStudioVersion = 10.0.40219.1
Project("{FAE04EC0-301F-11D3-BF4B-00C04F79EFBC}") = "Task1 3 Tier App", "Task1 3 Tier App\Task1 3 Tier App.csproj", "{282DB7C1-9A49-4611-BF17-91D90AA1C7D8}"
EndProject
Global
	GlobalSection(SolutionConfigurationPlatforms) = preSolution
		Debug|Any CPU = Debug|Any CPU
		Release|Any CPU = Release|Any CPU
	EndGlobalSection
	GlobalSection(ProjectConfigurationPlatforms) = postSolution
		{282DB7C1-9A49-4611-BF17-91D90AA1C7D8}.Debug|Any CPU.ActiveCfg = Debug|Any CPU
		{282DB7C1-9A49-4611-BF17-91D90AA1C7D8}.Debug|Any CPU.Build.0 = Debug|Any CPU
		{282DB7C1-9A49-4611-BF17-91D90AA1C7D8}.Release|Any CPU.ActiveCfg = Release|Any CPU
		{282DB7C1-9A49-4611-BF17-91D90AA1C7D8}.Release|Any CPU.Build.0 = Release|Any CPU
	EndGlobalSection
	GlobalSection(SolutionProperties) = preSolution
		HideSolutionNode = FALSE
	EndGlobalSection
	GlobalSection(ExtensibilityGlobals) = postSolution
		SolutionGuid = {B751A4AD-B134-4EBB-B11F-406212F8C099}
	EndGlobalSection
EndGlobal
